
Microsoft Visual Studio Solution File, Format Version 12.00
# Visual Studio Version 16
VisualStudioVersion = 16.0.32630.194
MinimumVisualStudioVersion = 10.0.40219.1
Project("{FAE04EC0-301F-11D3-BF4B-00C04F79EFBC}") = "FlexibleObject", "FlexibleObject\FlexibleObject.csproj", "{90986F8C-D448-4F5A-88DD-7243D8FF0FB7}"
EndProject
Project("{FAE04EC0-301F-11D3-BF4B-00C04F79EFBC}") = "DistributedObject", "DistributedObject\DistributedObject.csproj", "{AE76A42D-AF8E-4E03-B257-B056C8D45F60}"
EndProject
Project("{FAE04EC0-301F-11D3-BF4B-00C04F79EFBC}") = "MessageQueue", "MessageQueue\MessageQueue.csproj", "{6260523F-494D-44D0-A6C1-BE18059923A8}"
EndProject
Global
	GlobalSection(SolutionConfigurationPlatforms) = preSolution
		Debug|Any CPU = Debug|Any CPU
		Release|Any CPU = Release|Any CPU
	EndGlobalSection
	GlobalSection(ProjectConfigurationPlatforms) = postSolution
		{90986F8C-D448-4F5A-88DD-7243D8FF0FB7}.Debug|Any CPU.ActiveCfg = Debug|Any CPU
		{90986F8C-D448-4F5A-88DD-7243D8FF0FB7}.Debug|Any CPU.Build.0 = Debug|Any CPU
		{90986F8C-D448-4F5A-88DD-7243D8FF0FB7}.Release|Any CPU.ActiveCfg = Release|Any CPU
		{90986F8C-D448-4F5A-88DD-7243D8FF0FB7}.Release|Any CPU.Build.0 = Release|Any CPU
		{AE76A42D-AF8E-4E03-B257-B056C8D45F60}.Debug|Any CPU.ActiveCfg = Debug|Any CPU
		{AE76A42D-AF8E-4E03-B257-B056C8D45F60}.Debug|Any CPU.Build.0 = Debug|Any CPU
		{AE76A42D-AF8E-4E03-B257-B056C8D45F60}.Release|Any CPU.ActiveCfg = Release|Any CPU
		{AE76A42D-AF8E-4E03-B257-B056C8D45F60}.Release|Any CPU.Build.0 = Release|Any CPU
		{6260523F-494D-44D0-A6C1-BE18059923A8}.Debug|Any CPU.ActiveCfg = Debug|Any CPU
		{6260523F-494D-44D0-A6C1-BE18059923A8}.Debug|Any CPU.Build.0 = Debug|Any CPU
		{6260523F-494D-44D0-A6C1-BE18059923A8}.Release|Any CPU.ActiveCfg = Release|Any CPU
		{6260523F-494D-44D0-A6C1-BE18059923A8}.Release|Any CPU.Build.0 = Release|Any CPU
	EndGlobalSection
	GlobalSection(SolutionProperties) = preSolution
		HideSolutionNode = FALSE
	EndGlobalSection
	GlobalSection(ExtensibilityGlobals) = postSolution
		SolutionGuid = {4A39E62E-3634-4CA4-88D2-869890183D80}
	EndGlobalSection
EndGlobal
